
Microsoft Visual Studio Solution File, Format Version 12.00
# Visual Studio Version 17
VisualStudioVersion = 17.8.34330.188
MinimumVisualStudioVersion = 10.0.40219.1
Project("{FAE04EC0-301F-11D3-BF4B-00C04F79EFBC}") = "Construtor", "Construtor.csproj", "{76176A8B-DC28-4D05-B683-9213C9553006}"
EndProject
Global
	GlobalSection(SolutionConfigurationPlatforms) = preSolution
		Debug|Any CPU = Debug|Any CPU
		Release|Any CPU = Release|Any CPU
	EndGlobalSection
	GlobalSection(ProjectConfigurationPlatforms) = postSolution
		{76176A8B-DC28-4D05-B683-9213C9553006}.Debug|Any CPU.ActiveCfg = Debug|Any CPU
		{76176A8B-DC28-4D05-B683-9213C9553006}.Debug|Any CPU.Build.0 = Debug|Any CPU
		{76176A8B-DC28-4D05-B683-9213C9553006}.Release|Any CPU.ActiveCfg = Release|Any CPU
		{76176A8B-DC28-4D05-B683-9213C9553006}.Release|Any CPU.Build.0 = Release|Any CPU
	EndGlobalSection
	GlobalSection(SolutionProperties) = preSolution
		HideSolutionNode = FALSE
	EndGlobalSection
	GlobalSection(ExtensibilityGlobals) = postSolution
		SolutionGuid = {B12A2F6D-1026-4D50-88BD-FCF5D9EEBF94}
	EndGlobalSection
EndGlobal
